
Microsoft Visual Studio Solution File, Format Version 12.00
# Visual Studio Version 17
VisualStudioVersion = 17.14.36623.8 d17.14
MinimumVisualStudioVersion = 10.0.40219.1
Project("{FAE04EC0-301F-11D3-BF4B-00C04F79EFBC}") = "NormalizeRegText", "NormalizeRegText\NormalizeRegText.csproj", "{672D11B7-BF79-4FBA-B74F-D80DDEAC7810}"
EndProject
Global
	GlobalSection(SolutionConfigurationPlatforms) = preSolution
		Debug|Any CPU = Debug|Any CPU
		Release|Any CPU = Release|Any CPU
	EndGlobalSection
	GlobalSection(ProjectConfigurationPlatforms) = postSolution
		{672D11B7-BF79-4FBA-B74F-D80DDEAC7810}.Debug|Any CPU.ActiveCfg = Debug|Any CPU
		{672D11B7-BF79-4FBA-B74F-D80DDEAC7810}.Debug|Any CPU.Build.0 = Debug|Any CPU
		{672D11B7-BF79-4FBA-B74F-D80DDEAC7810}.Release|Any CPU.ActiveCfg = Release|Any CPU
		{672D11B7-BF79-4FBA-B74F-D80DDEAC7810}.Release|Any CPU.Build.0 = Release|Any CPU
	EndGlobalSection
	GlobalSection(SolutionProperties) = preSolution
		HideSolutionNode = FALSE
	EndGlobalSection
	GlobalSection(ExtensibilityGlobals) = postSolution
		SolutionGuid = {AAB93559-276F-4EC8-9B67-6772DE55FFAE}
	EndGlobalSection
EndGlobal
